
Microsoft Visual Studio Solution File, Format Version 12.00
# Visual Studio 2012
Project("{FAE04EC0-301F-11D3-BF4B-00C04F79EFBC}") = "DotNetApi", "DotNetApi\DotNetApi.csproj", "{475F767E-2288-4E56-9B90-179A10DCAB49}"
EndProject
Global
	GlobalSection(SolutionConfigurationPlatforms) = preSolution
		Debug|Any CPU = Debug|Any CPU
		Release|Any CPU = Release|Any CPU
	EndGlobalSection
	GlobalSection(ProjectConfigurationPlatforms) = postSolution
		{475F767E-2288-4E56-9B90-179A10DCAB49}.Debug|Any CPU.ActiveCfg = Debug|Any CPU
		{475F767E-2288-4E56-9B90-179A10DCAB49}.Debug|Any CPU.Build.0 = Debug|Any CPU
		{475F767E-2288-4E56-9B90-179A10DCAB49}.Release|Any CPU.ActiveCfg = Release|Any CPU
		{475F767E-2288-4E56-9B90-179A10DCAB49}.Release|Any CPU.Build.0 = Release|Any CPU
	EndGlobalSection
	GlobalSection(SolutionProperties) = preSolution
		HideSolutionNode = FALSE
	EndGlobalSection
EndGlobal
