
Microsoft Visual Studio Solution File, Format Version 12.00
# Visual Studio 2012
Project("{FAE04EC0-301F-11D3-BF4B-00C04F79EFBC}") = "DotNetApi", "DotNetApi\DotNetApi.csproj", "{475F767E-2288-4E56-9B90-179A10DCAB49}"
EndProject
Project("{FAE04EC0-301F-11D3-BF4B-00C04F79EFBC}") = "DotNetApiTest", "DotNetApiTest\DotNetApiTest.csproj", "{35413D72-829D-4547-A59F-AB974CCAC93F}"
EndProject
Project("{FAE04EC0-301F-11D3-BF4B-00C04F79EFBC}") = "SecureTextBoxTest", "SecureTextBoxTest\SecureTextBoxTest.csproj", "{F20CB25C-3065-4E7B-A2B2-16701BE418A6}"
EndProject
Project("{FAE04EC0-301F-11D3-BF4B-00C04F79EFBC}") = "MapControlTest", "MapControlTest\MapControlTest.csproj", "{C4C5FAE6-99E1-4956-BAB4-7ACCE5BE74F8}"
EndProject
Project("{FAE04EC0-301F-11D3-BF4B-00C04F79EFBC}") = "Newtonsoft.Json.Net40", "..\Newtonsoft.Json\Src\Newtonsoft.Json\Newtonsoft.Json.Net40.csproj", "{A9AE40FF-1A21-414A-9FE7-3BE13644CC6D}"
EndProject
Project("{FAE04EC0-301F-11D3-BF4B-00C04F79EFBC}") = "MapApi", "MapApi\MapApi.csproj", "{C5C1839C-4971-4781-B8FA-FF743E257A7E}"
EndProject
Global
	GlobalSection(SolutionConfigurationPlatforms) = preSolution
		Debug|Any CPU = Debug|Any CPU
		Debug|Mixed Platforms = Debug|Mixed Platforms
		Debug|Win32 = Debug|Win32
		Release|Any CPU = Release|Any CPU
		Release|Mixed Platforms = Release|Mixed Platforms
		Release|Win32 = Release|Win32
	EndGlobalSection
	GlobalSection(ProjectConfigurationPlatforms) = postSolution
		{475F767E-2288-4E56-9B90-179A10DCAB49}.Debug|Any CPU.ActiveCfg = Debug|Any CPU
		{475F767E-2288-4E56-9B90-179A10DCAB49}.Debug|Any CPU.Build.0 = Debug|Any CPU
		{475F767E-2288-4E56-9B90-179A10DCAB49}.Debug|Mixed Platforms.ActiveCfg = Debug|Any CPU
		{475F767E-2288-4E56-9B90-179A10DCAB49}.Debug|Mixed Platforms.Build.0 = Debug|Any CPU
		{475F767E-2288-4E56-9B90-179A10DCAB49}.Debug|Win32.ActiveCfg = Debug|Any CPU
		{475F767E-2288-4E56-9B90-179A10DCAB49}.Release|Any CPU.ActiveCfg = Release|Any CPU
		{475F767E-2288-4E56-9B90-179A10DCAB49}.Release|Any CPU.Build.0 = Release|Any CPU
		{475F767E-2288-4E56-9B90-179A10DCAB49}.Release|Mixed Platforms.ActiveCfg = Release|Any CPU
		{475F767E-2288-4E56-9B90-179A10DCAB49}.Release|Mixed Platforms.Build.0 = Release|Any CPU
		{475F767E-2288-4E56-9B90-179A10DCAB49}.Release|Win32.ActiveCfg = Release|Any CPU
		{35413D72-829D-4547-A59F-AB974CCAC93F}.Debug|Any CPU.ActiveCfg = Debug|Any CPU
		{35413D72-829D-4547-A59F-AB974CCAC93F}.Debug|Any CPU.Build.0 = Debug|Any CPU
		{35413D72-829D-4547-A59F-AB974CCAC93F}.Debug|Mixed Platforms.ActiveCfg = Debug|Any CPU
		{35413D72-829D-4547-A59F-AB974CCAC93F}.Debug|Mixed Platforms.Build.0 = Debug|Any CPU
		{35413D72-829D-4547-A59F-AB974CCAC93F}.Debug|Win32.ActiveCfg = Debug|Any CPU
		{35413D72-829D-4547-A59F-AB974CCAC93F}.Release|Any CPU.ActiveCfg = Release|Any CPU
		{35413D72-829D-4547-A59F-AB974CCAC93F}.Release|Any CPU.Build.0 = Release|Any CPU
		{35413D72-829D-4547-A59F-AB974CCAC93F}.Release|Mixed Platforms.ActiveCfg = Release|Any CPU
		{35413D72-829D-4547-A59F-AB974CCAC93F}.Release|Mixed Platforms.Build.0 = Release|Any CPU
		{35413D72-829D-4547-A59F-AB974CCAC93F}.Release|Win32.ActiveCfg = Release|Any CPU
		{F20CB25C-3065-4E7B-A2B2-16701BE418A6}.Debug|Any CPU.ActiveCfg = Debug|Any CPU
		{F20CB25C-3065-4E7B-A2B2-16701BE418A6}.Debug|Any CPU.Build.0 = Debug|Any CPU
		{F20CB25C-3065-4E7B-A2B2-16701BE418A6}.Debug|Mixed Platforms.ActiveCfg = Debug|Any CPU
		{F20CB25C-3065-4E7B-A2B2-16701BE418A6}.Debug|Mixed Platforms.Build.0 = Debug|Any CPU
		{F20CB25C-3065-4E7B-A2B2-16701BE418A6}.Debug|Win32.ActiveCfg = Debug|Any CPU
		{F20CB25C-3065-4E7B-A2B2-16701BE418A6}.Release|Any CPU.ActiveCfg = Release|Any CPU
		{F20CB25C-3065-4E7B-A2B2-16701BE418A6}.Release|Any CPU.Build.0 = Release|Any CPU
		{F20CB25C-3065-4E7B-A2B2-16701BE418A6}.Release|Mixed Platforms.ActiveCfg = Release|Any CPU
		{F20CB25C-3065-4E7B-A2B2-16701BE418A6}.Release|Mixed Platforms.Build.0 = Release|Any CPU
		{F20CB25C-3065-4E7B-A2B2-16701BE418A6}.Release|Win32.ActiveCfg = Release|Any CPU
		{C4C5FAE6-99E1-4956-BAB4-7ACCE5BE74F8}.Debug|Any CPU.ActiveCfg = Debug|Any CPU
		{C4C5FAE6-99E1-4956-BAB4-7ACCE5BE74F8}.Debug|Any CPU.Build.0 = Debug|Any CPU
		{C4C5FAE6-99E1-4956-BAB4-7ACCE5BE74F8}.Debug|Mixed Platforms.ActiveCfg = Debug|Any CPU
		{C4C5FAE6-99E1-4956-BAB4-7ACCE5BE74F8}.Debug|Mixed Platforms.Build.0 = Debug|Any CPU
		{C4C5FAE6-99E1-4956-BAB4-7ACCE5BE74F8}.Debug|Win32.ActiveCfg = Debug|Any CPU
		{C4C5FAE6-99E1-4956-BAB4-7ACCE5BE74F8}.Release|Any CPU.ActiveCfg = Release|Any CPU
		{C4C5FAE6-99E1-4956-BAB4-7ACCE5BE74F8}.Release|Any CPU.Build.0 = Release|Any CPU
		{C4C5FAE6-99E1-4956-BAB4-7ACCE5BE74F8}.Release|Mixed Platforms.ActiveCfg = Release|Any CPU
		{C4C5FAE6-99E1-4956-BAB4-7ACCE5BE74F8}.Release|Mixed Platforms.Build.0 = Release|Any CPU
		{C4C5FAE6-99E1-4956-BAB4-7ACCE5BE74F8}.Release|Win32.ActiveCfg = Release|Any CPU
		{A9AE40FF-1A21-414A-9FE7-3BE13644CC6D}.Debug|Any CPU.ActiveCfg = Debug|Any CPU
		{A9AE40FF-1A21-414A-9FE7-3BE13644CC6D}.Debug|Any CPU.Build.0 = Debug|Any CPU
		{A9AE40FF-1A21-414A-9FE7-3BE13644CC6D}.Debug|Mixed Platforms.ActiveCfg = Debug|Any CPU
		{A9AE40FF-1A21-414A-9FE7-3BE13644CC6D}.Debug|Mixed Platforms.Build.0 = Debug|Any CPU
		{A9AE40FF-1A21-414A-9FE7-3BE13644CC6D}.Debug|Win32.ActiveCfg = Debug|Any CPU
		{A9AE40FF-1A21-414A-9FE7-3BE13644CC6D}.Release|Any CPU.ActiveCfg = Release|Any CPU
		{A9AE40FF-1A21-414A-9FE7-3BE13644CC6D}.Release|Any CPU.Build.0 = Release|Any CPU
		{A9AE40FF-1A21-414A-9FE7-3BE13644CC6D}.Release|Mixed Platforms.ActiveCfg = Release|Any CPU
		{A9AE40FF-1A21-414A-9FE7-3BE13644CC6D}.Release|Mixed Platforms.Build.0 = Release|Any CPU
		{A9AE40FF-1A21-414A-9FE7-3BE13644CC6D}.Release|Win32.ActiveCfg = Release|Any CPU
		{C5C1839C-4971-4781-B8FA-FF743E257A7E}.Debug|Any CPU.ActiveCfg = Debug|Any CPU
		{C5C1839C-4971-4781-B8FA-FF743E257A7E}.Debug|Any CPU.Build.0 = Debug|Any CPU
		{C5C1839C-4971-4781-B8FA-FF743E257A7E}.Debug|Mixed Platforms.ActiveCfg = Debug|Any CPU
		{C5C1839C-4971-4781-B8FA-FF743E257A7E}.Debug|Mixed Platforms.Build.0 = Debug|Any CPU
		{C5C1839C-4971-4781-B8FA-FF743E257A7E}.Debug|Win32.ActiveCfg = Debug|Any CPU
		{C5C1839C-4971-4781-B8FA-FF743E257A7E}.Release|Any CPU.ActiveCfg = Release|Any CPU
		{C5C1839C-4971-4781-B8FA-FF743E257A7E}.Release|Any CPU.Build.0 = Release|Any CPU
		{C5C1839C-4971-4781-B8FA-FF743E257A7E}.Release|Mixed Platforms.ActiveCfg = Release|Any CPU
		{C5C1839C-4971-4781-B8FA-FF743E257A7E}.Release|Mixed Platforms.Build.0 = Release|Any CPU
		{C5C1839C-4971-4781-B8FA-FF743E257A7E}.Release|Win32.ActiveCfg = Release|Any CPU
	EndGlobalSection
	GlobalSection(SolutionProperties) = preSolution
		HideSolutionNode = FALSE
	EndGlobalSection
EndGlobal
